// !$*UTF8*$!
{
	archiveVersion = 1;
	classes = {
	};
	objectVersion = 46;
	objects = {

/* Begin PBXBuildFile section */
		16B1CCC41E5D950900681A4E /* AppDelegate.swift in Sources */ = {isa = PBXBuildFile; fileRef = 16B1CCC31E5D950900681A4E /* AppDelegate.swift */; };
		16B1CCC61E5D950900681A4E /* ViewController.swift in Sources */ = {isa = PBXBuildFile; fileRef = 16B1CCC51E5D950900681A4E /* ViewController.swift */; };
		16B1CCC91E5D950900681A4E /* Main.storyboard in Resources */ = {isa = PBXBuildFile; fileRef = 16B1CCC71E5D950900681A4E /* Main.storyboard */; };
		16B1CCCC1E5D950900681A4E /* CoffeeTastersIOS.xcdatamodeld in Sources */ = {isa = PBXBuildFile; fileRef = 16B1CCCA1E5D950900681A4E /* CoffeeTastersIOS.xcdatamodeld */; };
		16B1CCCE1E5D950900681A4E /* Assets.xcassets in Resources */ = {isa = PBXBuildFile; fileRef = 16B1CCCD1E5D950900681A4E /* Assets.xcassets */; };
		16B1CCD11E5D950900681A4E /* LaunchScreen.storyboard in Resources */ = {isa = PBXBuildFile; fileRef = 16B1CCCF1E5D950900681A4E /* LaunchScreen.storyboard */; };
		334243891E5F00540001938F /* AnimationViewController.swift in Sources */ = {isa = PBXBuildFile; fileRef = 334243881E5F00540001938F /* AnimationViewController.swift */; };
		3342438B1E5F4AA20001938F /* LoginViewController.swift in Sources */ = {isa = PBXBuildFile; fileRef = 3342438A1E5F4AA20001938F /* LoginViewController.swift */; };
		3342438D1E5F4B520001938F /* CadastroViewController.swift in Sources */ = {isa = PBXBuildFile; fileRef = 3342438C1E5F4B520001938F /* CadastroViewController.swift */; };
		3342438F1E5F4C210001938F /* PerfilViewController.swift in Sources */ = {isa = PBXBuildFile; fileRef = 3342438E1E5F4C210001938F /* PerfilViewController.swift */; };
		334243911E5F4C440001938F /* ConfiguracoesViewController.swift in Sources */ = {isa = PBXBuildFile; fileRef = 334243901E5F4C440001938F /* ConfiguracoesViewController.swift */; };
		334243931E5F4C590001938F /* MeusDadosViewController.swift in Sources */ = {isa = PBXBuildFile; fileRef = 334243921E5F4C590001938F /* MeusDadosViewController.swift */; };
		334243951E5F4C770001938F /* PedidosViewController.swift in Sources */ = {isa = PBXBuildFile; fileRef = 334243941E5F4C770001938F /* PedidosViewController.swift */; };
		334243971E5F4C8C0001938F /* OfertasViewController.swift in Sources */ = {isa = PBXBuildFile; fileRef = 334243961E5F4C8C0001938F /* OfertasViewController.swift */; };
		334243991E5F4CA10001938F /* ProdutosViewController.swift in Sources */ = {isa = PBXBuildFile; fileRef = 334243981E5F4CA10001938F /* ProdutosViewController.swift */; };
		3342439B1E5F4CB50001938F /* AvaliacoesViewController.swift in Sources */ = {isa = PBXBuildFile; fileRef = 3342439A1E5F4CB50001938F /* AvaliacoesViewController.swift */; };
		3342439D1E5F4CC90001938F /* BuscaViewController.swift in Sources */ = {isa = PBXBuildFile; fileRef = 3342439C1E5F4CC90001938F /* BuscaViewController.swift */; };
		3342439F1E5F4CE00001938F /* AvaliacaoViewController.swift in Sources */ = {isa = PBXBuildFile; fileRef = 3342439E1E5F4CE00001938F /* AvaliacaoViewController.swift */; };
		334243A11E5F4CFB0001938F /* FlavorViewController.swift in Sources */ = {isa = PBXBuildFile; fileRef = 334243A01E5F4CFB0001938F /* FlavorViewController.swift */; };
		334243A31E5F4D0F0001938F /* DetalhesViewController.swift in Sources */ = {isa = PBXBuildFile; fileRef = 334243A21E5F4D0F0001938F /* DetalhesViewController.swift */; };
		334243A51E5F4D520001938F /* MapaViewController.swift in Sources */ = {isa = PBXBuildFile; fileRef = 334243A41E5F4D520001938F /* MapaViewController.swift */; };
		334243A71E5F4D6D0001938F /* MetodoDePreparoViewController.swift in Sources */ = {isa = PBXBuildFile; fileRef = 334243A61E5F4D6D0001938F /* MetodoDePreparoViewController.swift */; };
		334243A91E5F4D8C0001938F /* ComprarViewController.swift in Sources */ = {isa = PBXBuildFile; fileRef = 334243A81E5F4D8C0001938F /* ComprarViewController.swift */; };
/* End PBXBuildFile section */

/* Begin PBXFileReference section */
		16B1CCC01E5D950900681A4E /* CoffeeTastersIOS.app */ = {isa = PBXFileReference; explicitFileType = wrapper.application; includeInIndex = 0; path = CoffeeTastersIOS.app; sourceTree = BUILT_PRODUCTS_DIR; };
		16B1CCC31E5D950900681A4E /* AppDelegate.swift */ = {isa = PBXFileReference; lastKnownFileType = sourcecode.swift; path = AppDelegate.swift; sourceTree = "<group>"; };
		16B1CCC51E5D950900681A4E /* ViewController.swift */ = {isa = PBXFileReference; lastKnownFileType = sourcecode.swift; path = ViewController.swift; sourceTree = "<group>"; };
		16B1CCC81E5D950900681A4E /* Base */ = {isa = PBXFileReference; lastKnownFileType = file.storyboard; name = Base; path = Base.lproj/Main.storyboard; sourceTree = "<group>"; };
		16B1CCCB1E5D950900681A4E /* CoffeeTastersIOS.xcdatamodel */ = {isa = PBXFileReference; lastKnownFileType = wrapper.xcdatamodel; path = CoffeeTastersIOS.xcdatamodel; sourceTree = "<group>"; };
		16B1CCCD1E5D950900681A4E /* Assets.xcassets */ = {isa = PBXFileReference; lastKnownFileType = folder.assetcatalog; path = Assets.xcassets; sourceTree = "<group>"; };
		16B1CCD01E5D950900681A4E /* Base */ = {isa = PBXFileReference; lastKnownFileType = file.storyboard; name = Base; path = Base.lproj/LaunchScreen.storyboard; sourceTree = "<group>"; };
		16B1CCD21E5D950900681A4E /* Info.plist */ = {isa = PBXFileReference; lastKnownFileType = text.plist.xml; path = Info.plist; sourceTree = "<group>"; };
		334243881E5F00540001938F /* AnimationViewController.swift */ = {isa = PBXFileReference; fileEncoding = 4; lastKnownFileType = sourcecode.swift; path = AnimationViewController.swift; sourceTree = "<group>"; };
		3342438A1E5F4AA20001938F /* LoginViewController.swift */ = {isa = PBXFileReference; fileEncoding = 4; lastKnownFileType = sourcecode.swift; path = LoginViewController.swift; sourceTree = "<group>"; };
		3342438C1E5F4B520001938F /* CadastroViewController.swift */ = {isa = PBXFileReference; fileEncoding = 4; lastKnownFileType = sourcecode.swift; path = CadastroViewController.swift; sourceTree = "<group>"; };
		3342438E1E5F4C210001938F /* PerfilViewController.swift */ = {isa = PBXFileReference; fileEncoding = 4; lastKnownFileType = sourcecode.swift; path = PerfilViewController.swift; sourceTree = "<group>"; };
		334243901E5F4C440001938F /* ConfiguracoesViewController.swift */ = {isa = PBXFileReference; fileEncoding = 4; lastKnownFileType = sourcecode.swift; path = ConfiguracoesViewController.swift; sourceTree = "<group>"; };
		334243921E5F4C590001938F /* MeusDadosViewController.swift */ = {isa = PBXFileReference; fileEncoding = 4; lastKnownFileType = sourcecode.swift; path = MeusDadosViewController.swift; sourceTree = "<group>"; };
		334243941E5F4C770001938F /* PedidosViewController.swift */ = {isa = PBXFileReference; fileEncoding = 4; lastKnownFileType = sourcecode.swift; path = PedidosViewController.swift; sourceTree = "<group>"; };
		334243961E5F4C8C0001938F /* OfertasViewController.swift */ = {isa = PBXFileReference; fileEncoding = 4; lastKnownFileType = sourcecode.swift; path = OfertasViewController.swift; sourceTree = "<group>"; };
		334243981E5F4CA10001938F /* ProdutosViewController.swift */ = {isa = PBXFileReference; fileEncoding = 4; lastKnownFileType = sourcecode.swift; path = ProdutosViewController.swift; sourceTree = "<group>"; };
		3342439A1E5F4CB50001938F /* AvaliacoesViewController.swift */ = {isa = PBXFileReference; fileEncoding = 4; lastKnownFileType = sourcecode.swift; path = AvaliacoesViewController.swift; sourceTree = "<group>"; };
		3342439C1E5F4CC90001938F /* BuscaViewController.swift */ = {isa = PBXFileReference; fileEncoding = 4; lastKnownFileType = sourcecode.swift; path = BuscaViewController.swift; sourceTree = "<group>"; };
		3342439E1E5F4CE00001938F /* AvaliacaoViewController.swift */ = {isa = PBXFileReference; fileEncoding = 4; lastKnownFileType = sourcecode.swift; path = AvaliacaoViewController.swift; sourceTree = "<group>"; };
		334243A01E5F4CFB0001938F /* FlavorViewController.swift */ = {isa = PBXFileReference; fileEncoding = 4; lastKnownFileType = sourcecode.swift; path = FlavorViewController.swift; sourceTree = "<group>"; };
		334243A21E5F4D0F0001938F /* DetalhesViewController.swift */ = {isa = PBXFileReference; fileEncoding = 4; lastKnownFileType = sourcecode.swift; path = DetalhesViewController.swift; sourceTree = "<group>"; };
		334243A41E5F4D520001938F /* MapaViewController.swift */ = {isa = PBXFileReference; fileEncoding = 4; lastKnownFileType = sourcecode.swift; path = MapaViewController.swift; sourceTree = "<group>"; };
		334243A61E5F4D6D0001938F /* MetodoDePreparoViewController.swift */ = {isa = PBXFileReference; fileEncoding = 4; lastKnownFileType = sourcecode.swift; path = MetodoDePreparoViewController.swift; sourceTree = "<group>"; };
		334243A81E5F4D8C0001938F /* ComprarViewController.swift */ = {isa = PBXFileReference; fileEncoding = 4; lastKnownFileType = sourcecode.swift; path = ComprarViewController.swift; sourceTree = "<group>"; };
/* End PBXFileReference section */

/* Begin PBXFrameworksBuildPhase section */
		16B1CCBD1E5D950900681A4E /* Frameworks */ = {
			isa = PBXFrameworksBuildPhase;
			buildActionMask = 2147483647;
			files = (
			);
			runOnlyForDeploymentPostprocessing = 0;
		};
/* End PBXFrameworksBuildPhase section */

/* Begin PBXGroup section */
		168C42481E5E0167002911AF /* mockFolder */ = {
			isa = PBXGroup;
			children = (
			);
			name = mockFolder;
			sourceTree = "<group>";
		};
		16B1CCB71E5D950900681A4E = {
			isa = PBXGroup;
			children = (
				16B1CCC21E5D950900681A4E /* CoffeeTastersIOS */,
				16B1CCC11E5D950900681A4E /* Products */,
			);
			sourceTree = "<group>";
		};
		16B1CCC11E5D950900681A4E /* Products */ = {
			isa = PBXGroup;
			children = (
				16B1CCC01E5D950900681A4E /* CoffeeTastersIOS.app */,
			);
			name = Products;
			sourceTree = "<group>";
		};
		16B1CCC21E5D950900681A4E /* CoffeeTastersIOS */ = {
			isa = PBXGroup;
			children = (
				168C42481E5E0167002911AF /* mockFolder */,
				16B1CCDC1E5D959600681A4E /* images */,
				16B1CCDB1E5D957000681A4E /* controllers */,
				16B1CCD91E5D956200681A4E /* dao */,
				16B1CCD81E5D955D00681A4E /* modelo */,
				16B1CCC31E5D950900681A4E /* AppDelegate.swift */,
				16B1CCC51E5D950900681A4E /* ViewController.swift */,
				16B1CCC71E5D950900681A4E /* Main.storyboard */,
				16B1CCCD1E5D950900681A4E /* Assets.xcassets */,
				16B1CCCF1E5D950900681A4E /* LaunchScreen.storyboard */,
				16B1CCD21E5D950900681A4E /* Info.plist */,
				16B1CCCA1E5D950900681A4E /* CoffeeTastersIOS.xcdatamodeld */,
			);
			path = CoffeeTastersIOS;
			sourceTree = "<group>";
		};
		16B1CCD81E5D955D00681A4E /* modelo */ = {
			isa = PBXGroup;
			children = (
			);
			name = modelo;
			sourceTree = "<group>";
		};
		16B1CCD91E5D956200681A4E /* dao */ = {
			isa = PBXGroup;
			children = (
			);
			name = dao;
			sourceTree = "<group>";
		};
		16B1CCDB1E5D957000681A4E /* controllers */ = {
			isa = PBXGroup;
			children = (
				334243881E5F00540001938F /* AnimationViewController.swift */,
				3342438A1E5F4AA20001938F /* LoginViewController.swift */,
				3342438C1E5F4B520001938F /* CadastroViewController.swift */,
				3342438E1E5F4C210001938F /* PerfilViewController.swift */,
				334243901E5F4C440001938F /* ConfiguracoesViewController.swift */,
				334243921E5F4C590001938F /* MeusDadosViewController.swift */,
				334243941E5F4C770001938F /* PedidosViewController.swift */,
				334243961E5F4C8C0001938F /* OfertasViewController.swift */,
				334243981E5F4CA10001938F /* ProdutosViewController.swift */,
				3342439A1E5F4CB50001938F /* AvaliacoesViewController.swift */,
				3342439C1E5F4CC90001938F /* BuscaViewController.swift */,
				3342439E1E5F4CE00001938F /* AvaliacaoViewController.swift */,
				334243A01E5F4CFB0001938F /* FlavorViewController.swift */,
				334243A21E5F4D0F0001938F /* DetalhesViewController.swift */,
				334243A41E5F4D520001938F /* MapaViewController.swift */,
				334243A61E5F4D6D0001938F /* MetodoDePreparoViewController.swift */,
				334243A81E5F4D8C0001938F /* ComprarViewController.swift */,
			);
			name = controllers;
			sourceTree = "<group>";
		};
		16B1CCDC1E5D959600681A4E /* images */ = {
			isa = PBXGroup;
			children = (
			);
			name = images;
			sourceTree = "<group>";
		};
/* End PBXGroup section */

/* Begin PBXNativeTarget section */
		16B1CCBF1E5D950900681A4E /* CoffeeTastersIOS */ = {
			isa = PBXNativeTarget;
			buildConfigurationList = 16B1CCD51E5D950900681A4E /* Build configuration list for PBXNativeTarget "CoffeeTastersIOS" */;
			buildPhases = (
				16B1CCBC1E5D950900681A4E /* Sources */,
				16B1CCBD1E5D950900681A4E /* Frameworks */,
				16B1CCBE1E5D950900681A4E /* Resources */,
			);
			buildRules = (
			);
			dependencies = (
			);
			name = CoffeeTastersIOS;
			productName = CoffeeTastersIOS;
			productReference = 16B1CCC01E5D950900681A4E /* CoffeeTastersIOS.app */;
			productType = "com.apple.product-type.application";
		};
/* End PBXNativeTarget section */

/* Begin PBXProject section */
		16B1CCB81E5D950900681A4E /* Project object */ = {
			isa = PBXProject;
			attributes = {
				LastSwiftUpdateCheck = 0820;
				LastUpgradeCheck = 0820;
				ORGANIZATIONNAME = Luglio;
				TargetAttributes = {
					16B1CCBF1E5D950900681A4E = {
						CreatedOnToolsVersion = 8.2.1;
						DevelopmentTeam = P5NJ75969Q;
						ProvisioningStyle = Automatic;
					};
				};
			};
			buildConfigurationList = 16B1CCBB1E5D950900681A4E /* Build configuration list for PBXProject "CoffeeTastersIOS" */;
			compatibilityVersion = "Xcode 3.2";
			developmentRegion = English;
			hasScannedForEncodings = 0;
			knownRegions = (
				en,
				Base,
			);
			mainGroup = 16B1CCB71E5D950900681A4E;
			productRefGroup = 16B1CCC11E5D950900681A4E /* Products */;
			projectDirPath = "";
			projectRoot = "";
			targets = (
				16B1CCBF1E5D950900681A4E /* CoffeeTastersIOS */,
			);
		};
/* End PBXProject section */

/* Begin PBXResourcesBuildPhase section */
		16B1CCBE1E5D950900681A4E /* Resources */ = {
			isa = PBXResourcesBuildPhase;
			buildActionMask = 2147483647;
			files = (
				16B1CCD11E5D950900681A4E /* LaunchScreen.storyboard in Resources */,
				16B1CCCE1E5D950900681A4E /* Assets.xcassets in Resources */,
				16B1CCC91E5D950900681A4E /* Main.storyboard in Resources */,
			);
			runOnlyForDeploymentPostprocessing = 0;
		};
/* End PBXResourcesBuildPhase section */

/* Begin PBXSourcesBuildPhase section */
		16B1CCBC1E5D950900681A4E /* Sources */ = {
			isa = PBXSourcesBuildPhase;
			buildActionMask = 2147483647;
			files = (
				16B1CCC61E5D950900681A4E /* ViewController.swift in Sources */,
				334243911E5F4C440001938F /* ConfiguracoesViewController.swift in Sources */,
				334243991E5F4CA10001938F /* ProdutosViewController.swift in Sources */,
				3342439B1E5F4CB50001938F /* AvaliacoesViewController.swift in Sources */,
				3342438D1E5F4B520001938F /* CadastroViewController.swift in Sources */,
				3342439F1E5F4CE00001938F /* AvaliacaoViewController.swift in Sources */,
				334243931E5F4C590001938F /* MeusDadosViewController.swift in Sources */,
				334243971E5F4C8C0001938F /* OfertasViewController.swift in Sources */,
				334243A31E5F4D0F0001938F /* DetalhesViewController.swift in Sources */,
				3342439D1E5F4CC90001938F /* BuscaViewController.swift in Sources */,
				16B1CCCC1E5D950900681A4E /* CoffeeTastersIOS.xcdatamodeld in Sources */,
				334243951E5F4C770001938F /* PedidosViewController.swift in Sources */,
				334243A71E5F4D6D0001938F /* MetodoDePreparoViewController.swift in Sources */,
				16B1CCC41E5D950900681A4E /* AppDelegate.swift in Sources */,
				334243A51E5F4D520001938F /* MapaViewController.swift in Sources */,
				334243891E5F00540001938F /* AnimationViewController.swift in Sources */,
				3342438F1E5F4C210001938F /* PerfilViewController.swift in Sources */,
				334243A91E5F4D8C0001938F /* ComprarViewController.swift in Sources */,
				334243A11E5F4CFB0001938F /* FlavorViewController.swift in Sources */,
				3342438B1E5F4AA20001938F /* LoginViewController.swift in Sources */,
			);
			runOnlyForDeploymentPostprocessing = 0;
		};
/* End PBXSourcesBuildPhase section */

/* Begin PBXVariantGroup section */
		16B1CCC71E5D950900681A4E /* Main.storyboard */ = {
			isa = PBXVariantGroup;
			children = (
				16B1CCC81E5D950900681A4E /* Base */,
			);
			name = Main.storyboard;
			sourceTree = "<group>";
		};
		16B1CCCF1E5D950900681A4E /* LaunchScreen.storyboard */ = {
			isa = PBXVariantGroup;
			children = (
				16B1CCD01E5D950900681A4E /* Base */,
			);
			name = LaunchScreen.storyboard;
			sourceTree = "<group>";
		};
/* End PBXVariantGroup section */

/* Begin XCBuildConfiguration section */
		16B1CCD31E5D950900681A4E /* Debug */ = {
			isa = XCBuildConfiguration;
			buildSettings = {
				ALWAYS_SEARCH_USER_PATHS = NO;
				CLANG_ANALYZER_NONNULL = YES;
				CLANG_CXX_LANGUAGE_STANDARD = "gnu++0x";
				CLANG_CXX_LIBRARY = "libc++";
				CLANG_ENABLE_MODULES = YES;
				CLANG_ENABLE_OBJC_ARC = YES;
				CLANG_WARN_BOOL_CONVERSION = YES;
				CLANG_WARN_CONSTANT_CONVERSION = YES;
				CLANG_WARN_DIRECT_OBJC_ISA_USAGE = YES_ERROR;
				CLANG_WARN_DOCUMENTATION_COMMENTS = YES;
				CLANG_WARN_EMPTY_BODY = YES;
				CLANG_WARN_ENUM_CONVERSION = YES;
				CLANG_WARN_INFINITE_RECURSION = YES;
				CLANG_WARN_INT_CONVERSION = YES;
				CLANG_WARN_OBJC_ROOT_CLASS = YES_ERROR;
				CLANG_WARN_SUSPICIOUS_MOVE = YES;
				CLANG_WARN_UNREACHABLE_CODE = YES;
				CLANG_WARN__DUPLICATE_METHOD_MATCH = YES;
				"CODE_SIGN_IDENTITY[sdk=iphoneos*]" = "iPhone Developer";
				COPY_PHASE_STRIP = NO;
				DEBUG_INFORMATION_FORMAT = dwarf;
				ENABLE_STRICT_OBJC_MSGSEND = YES;
				ENABLE_TESTABILITY = YES;
				GCC_C_LANGUAGE_STANDARD = gnu99;
				GCC_DYNAMIC_NO_PIC = NO;
				GCC_NO_COMMON_BLOCKS = YES;
				GCC_OPTIMIZATION_LEVEL = 0;
				GCC_PREPROCESSOR_DEFINITIONS = (
					"DEBUG=1",
					"$(inherited)",
				);
				GCC_WARN_64_TO_32_BIT_CONVERSION = YES;
				GCC_WARN_ABOUT_RETURN_TYPE = YES_ERROR;
				GCC_WARN_UNDECLARED_SELECTOR = YES;
				GCC_WARN_UNINITIALIZED_AUTOS = YES_AGGRESSIVE;
				GCC_WARN_UNUSED_FUNCTION = YES;
				GCC_WARN_UNUSED_VARIABLE = YES;
				IPHONEOS_DEPLOYMENT_TARGET = 10.2;
				MTL_ENABLE_DEBUG_INFO = YES;
				ONLY_ACTIVE_ARCH = YES;
				SDKROOT = iphoneos;
				SWIFT_ACTIVE_COMPILATION_CONDITIONS = DEBUG;
				SWIFT_OPTIMIZATION_LEVEL = "-Onone";
			};
			name = Debug;
		};
		16B1CCD41E5D950900681A4E /* Release */ = {
			isa = XCBuildConfiguration;
			buildSettings = {
				ALWAYS_SEARCH_USER_PATHS = NO;
				CLANG_ANALYZER_NONNULL = YES;
				CLANG_CXX_LANGUAGE_STANDARD = "gnu++0x";
				CLANG_CXX_LIBRARY = "libc++";
				CLANG_ENABLE_MODULES = YES;
				CLANG_ENABLE_OBJC_ARC = YES;
				CLANG_WARN_BOOL_CONVERSION = YES;
				CLANG_WARN_CONSTANT_CONVERSION = YES;
				CLANG_WARN_DIRECT_OBJC_ISA_USAGE = YES_ERROR;
				CLANG_WARN_DOCUMENTATION_COMMENTS = YES;
				CLANG_WARN_EMPTY_BODY = YES;
				CLANG_WARN_ENUM_CONVERSION = YES;
				CLANG_WARN_INFINITE_RECURSION = YES;
				CLANG_WARN_INT_CONVERSION = YES;
				CLANG_WARN_OBJC_ROOT_CLASS = YES_ERROR;
				CLANG_WARN_SUSPICIOUS_MOVE = YES;
				CLANG_WARN_UNREACHABLE_CODE = YES;
				CLANG_WARN__DUPLICATE_METHOD_MATCH = YES;
				"CODE_SIGN_IDENTITY[sdk=iphoneos*]" = "iPhone Developer";
				COPY_PHASE_STRIP = NO;
				DEBUG_INFORMATION_FORMAT = "dwarf-with-dsym";
				ENABLE_NS_ASSERTIONS = NO;
				ENABLE_STRICT_OBJC_MSGSEND = YES;
				GCC_C_LANGUAGE_STANDARD = gnu99;
				GCC_NO_COMMON_BLOCKS = YES;
				GCC_WARN_64_TO_32_BIT_CONVERSION = YES;
				GCC_WARN_ABOUT_RETURN_TYPE = YES_ERROR;
				GCC_WARN_UNDECLARED_SELECTOR = YES;
				GCC_WARN_UNINITIALIZED_AUTOS = YES_AGGRESSIVE;
				GCC_WARN_UNUSED_FUNCTION = YES;
				GCC_WARN_UNUSED_VARIABLE = YES;
				IPHONEOS_DEPLOYMENT_TARGET = 10.2;
				MTL_ENABLE_DEBUG_INFO = NO;
				SDKROOT = iphoneos;
				SWIFT_OPTIMIZATION_LEVEL = "-Owholemodule";
				VALIDATE_PRODUCT = YES;
			};
			name = Release;
		};
		16B1CCD61E5D950900681A4E /* Debug */ = {
			isa = XCBuildConfiguration;
			buildSettings = {
				ASSETCATALOG_COMPILER_APPICON_NAME = AppIcon;
				DEVELOPMENT_TEAM = P5NJ75969Q;
				FRAMEWORK_SEARCH_PATHS = (
					"$(inherited)",
					"$(PROJECT_DIR)",
				);
				INFOPLIST_FILE = CoffeeTastersIOS/Info.plist;
				LD_RUNPATH_SEARCH_PATHS = "$(inherited) @executable_path/Frameworks";
				PRODUCT_BUNDLE_IDENTIFIER = br.com.luglio.CoffeeTastersIOS;
				PRODUCT_NAME = "$(TARGET_NAME)";
				SWIFT_VERSION = 3.0;
			};
			name = Debug;
		};
		16B1CCD71E5D950900681A4E /* Release */ = {
			isa = XCBuildConfiguration;
			buildSettings = {
				ASSETCATALOG_COMPILER_APPICON_NAME = AppIcon;
				DEVELOPMENT_TEAM = P5NJ75969Q;
				FRAMEWORK_SEARCH_PATHS = (
					"$(inherited)",
					"$(PROJECT_DIR)",
				);
				INFOPLIST_FILE = CoffeeTastersIOS/Info.plist;
				LD_RUNPATH_SEARCH_PATHS = "$(inherited) @executable_path/Frameworks";
				PRODUCT_BUNDLE_IDENTIFIER = br.com.luglio.CoffeeTastersIOS;
				PRODUCT_NAME = "$(TARGET_NAME)";
				SWIFT_VERSION = 3.0;
			};
			name = Release;
		};
/* End XCBuildConfiguration section */

/* Begin XCConfigurationList section */
		16B1CCBB1E5D950900681A4E /* Build configuration list for PBXProject "CoffeeTastersIOS" */ = {
			isa = XCConfigurationList;
			buildConfigurations = (
				16B1CCD31E5D950900681A4E /* Debug */,
				16B1CCD41E5D950900681A4E /* Release */,
			);
			defaultConfigurationIsVisible = 0;
			defaultConfigurationName = Release;
		};
		16B1CCD51E5D950900681A4E /* Build configuration list for PBXNativeTarget "CoffeeTastersIOS" */ = {
			isa = XCConfigurationList;
			buildConfigurations = (
				16B1CCD61E5D950900681A4E /* Debug */,
				16B1CCD71E5D950900681A4E /* Release */,
			);
			defaultConfigurationIsVisible = 0;
			defaultConfigurationName = Release;
		};
/* End XCConfigurationList section */

/* Begin XCVersionGroup section */
		16B1CCCA1E5D950900681A4E /* CoffeeTastersIOS.xcdatamodeld */ = {
			isa = XCVersionGroup;
			children = (
				16B1CCCB1E5D950900681A4E /* CoffeeTastersIOS.xcdatamodel */,
			);
			currentVersion = 16B1CCCB1E5D950900681A4E /* CoffeeTastersIOS.xcdatamodel */;
			path = CoffeeTastersIOS.xcdatamodeld;
			sourceTree = "<group>";
			versionGroupType = wrapper.xcdatamodel;
		};
/* End XCVersionGroup section */
	};
	rootObject = 16B1CCB81E5D950900681A4E /* Project object */;
}
