// !$*UTF8*$!
{
	archiveVersion = 1;
	classes = {
	};
	objectVersion = 46;
	objects = {

/* Begin PBXBuildFile section */
		160721891E5F6E2100FF3C00 /* Bolts.framework in Frameworks */ = {isa = PBXBuildFile; fileRef = 160721851E5F6E2100FF3C00 /* Bolts.framework */; };
		1607218A1E5F6E2100FF3C00 /* FBSDKCoreKit.framework in Frameworks */ = {isa = PBXBuildFile; fileRef = 160721861E5F6E2100FF3C00 /* FBSDKCoreKit.framework */; };
		1607218B1E5F6E2100FF3C00 /* FBSDKLoginKit.framework in Frameworks */ = {isa = PBXBuildFile; fileRef = 160721871E5F6E2100FF3C00 /* FBSDKLoginKit.framework */; };
		1607218C1E5F6E2100FF3C00 /* FBSDKShareKit.framework in Frameworks */ = {isa = PBXBuildFile; fileRef = 160721881E5F6E2100FF3C00 /* FBSDKShareKit.framework */; };
		160721961E5F7F5400FF3C00 /* Usuario.swift in Sources */ = {isa = PBXBuildFile; fileRef = 160721951E5F7F5400FF3C00 /* Usuario.swift */; };
		1607219C1E5F7F9600FF3C00 /* Preparo.swift in Sources */ = {isa = PBXBuildFile; fileRef = 1607219B1E5F7F9600FF3C00 /* Preparo.swift */; };
		1607219E1E5F7F9C00FF3C00 /* Pedido.swift in Sources */ = {isa = PBXBuildFile; fileRef = 1607219D1E5F7F9C00FF3C00 /* Pedido.swift */; };
		160721A01E5F7FA700FF3C00 /* Produto.swift in Sources */ = {isa = PBXBuildFile; fileRef = 1607219F1E5F7FA700FF3C00 /* Produto.swift */; };
		1613A0BE1E68997F00E9DE65 /* Acordeao.swift in Sources */ = {isa = PBXBuildFile; fileRef = 1613A0BC1E68997F00E9DE65 /* Acordeao.swift */; };
		1613A0BF1E68997F00E9DE65 /* ComprarAlertViewController.swift in Sources */ = {isa = PBXBuildFile; fileRef = 1613A0BD1E68997F00E9DE65 /* ComprarAlertViewController.swift */; };
		1613A0C11E6899B200E9DE65 /* MapKit.framework in Frameworks */ = {isa = PBXBuildFile; fileRef = 1613A0C01E6899B200E9DE65 /* MapKit.framework */; };
		1613A0C31E689C0700E9DE65 /* Pino.swift in Sources */ = {isa = PBXBuildFile; fileRef = 1613A0C21E689C0700E9DE65 /* Pino.swift */; };
		16149FB71E6785E300A455BF /* CarrinhoCustomViewCellItem.swift in Sources */ = {isa = PBXBuildFile; fileRef = 16149FB61E6785E300A455BF /* CarrinhoCustomViewCellItem.swift */; };
		16149FB91E67866900A455BF /* ProdutosCustomViewCellHeader.swift in Sources */ = {isa = PBXBuildFile; fileRef = 16149FB81E67866900A455BF /* ProdutosCustomViewCellHeader.swift */; };
		16149FBB1E67867500A455BF /* ProdutosCustomViewCellDetails.swift in Sources */ = {isa = PBXBuildFile; fileRef = 16149FBA1E67867500A455BF /* ProdutosCustomViewCellDetails.swift */; };
		16149FBD1E67868500A455BF /* OfertasCustomViewCellHeader.swift in Sources */ = {isa = PBXBuildFile; fileRef = 16149FBC1E67868500A455BF /* OfertasCustomViewCellHeader.swift */; };
		16149FBF1E67868D00A455BF /* OfertasCustomViewCellDetails.swift in Sources */ = {isa = PBXBuildFile; fileRef = 16149FBE1E67868D00A455BF /* OfertasCustomViewCellDetails.swift */; };
		16149FC11E6786A000A455BF /* PedidosCustomViewCellHeader.swift in Sources */ = {isa = PBXBuildFile; fileRef = 16149FC01E6786A000A455BF /* PedidosCustomViewCellHeader.swift */; };
		16149FC31E6786A600A455BF /* PedidosCustomViewCellDetails.swift in Sources */ = {isa = PBXBuildFile; fileRef = 16149FC21E6786A600A455BF /* PedidosCustomViewCellDetails.swift */; };
		16149FC51E6786B100A455BF /* AvaliacoesCustomViewCellHeader.swift in Sources */ = {isa = PBXBuildFile; fileRef = 16149FC41E6786B100A455BF /* AvaliacoesCustomViewCellHeader.swift */; };
		16149FC71E6786C500A455BF /* AvaliacoesCustomViewCellDetails.swift in Sources */ = {isa = PBXBuildFile; fileRef = 16149FC61E6786C500A455BF /* AvaliacoesCustomViewCellDetails.swift */; };
		16149FD41E67AA6E00A455BF /* AvaliacoesDao.swift in Sources */ = {isa = PBXBuildFile; fileRef = 16149FD31E67AA6E00A455BF /* AvaliacoesDao.swift */; };
		1618384E1E66DDFC00D4F438 /* BusyAlert.swift in Sources */ = {isa = PBXBuildFile; fileRef = 1618384D1E66DDFC00D4F438 /* BusyAlert.swift */; };
		163728691E624585009CB0DA /* String+isRG.swift in Sources */ = {isa = PBXBuildFile; fileRef = 163728681E624585009CB0DA /* String+isRG.swift */; };
		1643CBB61E68CB77008D7872 /* FlavorCustomViewCell.swift in Sources */ = {isa = PBXBuildFile; fileRef = 1643CBB51E68CB77008D7872 /* FlavorCustomViewCell.swift */; };
		1645FE041E62F4FF0002C1B6 /* RatingView.swift in Sources */ = {isa = PBXBuildFile; fileRef = 1645FE031E62F4FF0002C1B6 /* RatingView.swift */; };
		1645FE081E62F5680002C1B6 /* starryStars_half@2x.png in Resources */ = {isa = PBXBuildFile; fileRef = 1645FE051E62F5680002C1B6 /* starryStars_half@2x.png */; };
		1645FE091E62F5680002C1B6 /* starryStars_off@2x.png in Resources */ = {isa = PBXBuildFile; fileRef = 1645FE061E62F5680002C1B6 /* starryStars_off@2x.png */; };
		1645FE0A1E62F5680002C1B6 /* starryStars_on@2x.png in Resources */ = {isa = PBXBuildFile; fileRef = 1645FE071E62F5680002C1B6 /* starryStars_on@2x.png */; };
		166BA4411E659EB300739A41 /* Configuracoes.swift in Sources */ = {isa = PBXBuildFile; fileRef = 166BA4401E659EB300739A41 /* Configuracoes.swift */; };
		166BA4441E65B8D300739A41 /* SyncUtil.swift in Sources */ = {isa = PBXBuildFile; fileRef = 166BA4431E65B8D300739A41 /* SyncUtil.swift */; };
		1691A8C01E5FC86B00FC5085 /* WheelFlavor.swift in Sources */ = {isa = PBXBuildFile; fileRef = 1691A8BF1E5FC86B00FC5085 /* WheelFlavor.swift */; };
		1691A8CA1E60B66800FC5085 /* EsqueciMinhaSenhaViewController.swift in Sources */ = {isa = PBXBuildFile; fileRef = 1691A8C91E60B66800FC5085 /* EsqueciMinhaSenhaViewController.swift */; };
		1691A8CC1E60D71C00FC5085 /* Dao.swift in Sources */ = {isa = PBXBuildFile; fileRef = 1691A8CB1E60D71C00FC5085 /* Dao.swift */; };
		16B1CCC41E5D950900681A4E /* AppDelegate.swift in Sources */ = {isa = PBXBuildFile; fileRef = 16B1CCC31E5D950900681A4E /* AppDelegate.swift */; };
		16B1CCCC1E5D950900681A4E /* CoffeeTastersIOS.xcdatamodeld in Sources */ = {isa = PBXBuildFile; fileRef = 16B1CCCA1E5D950900681A4E /* CoffeeTastersIOS.xcdatamodeld */; };
		16B1CCCE1E5D950900681A4E /* Assets.xcassets in Resources */ = {isa = PBXBuildFile; fileRef = 16B1CCCD1E5D950900681A4E /* Assets.xcassets */; };
		16B1CCD11E5D950900681A4E /* LaunchScreen.storyboard in Resources */ = {isa = PBXBuildFile; fileRef = 16B1CCCF1E5D950900681A4E /* LaunchScreen.storyboard */; };
		16B9BD901E64FD6300D615AE /* cafe.jpg in Resources */ = {isa = PBXBuildFile; fileRef = 16B9BD8F1E64FD6300D615AE /* cafe.jpg */; };
		16C92A0D1E698A3C00BC8150 /* icon.png in Resources */ = {isa = PBXBuildFile; fileRef = 16C92A0C1E698A3C00BC8150 /* icon.png */; };
		16C92A0F1E698B1300BC8150 /* AcordeaoPedido.swift in Sources */ = {isa = PBXBuildFile; fileRef = 16C92A0E1E698B1300BC8150 /* AcordeaoPedido.swift */; };
		16CB28341E6220C2001E4E3B /* config.jpg in Resources */ = {isa = PBXBuildFile; fileRef = 16CB28331E6220C2001E4E3B /* config.jpg */; };
		16CB283A1E622B3B001E4E3B /* String+isCPF.swift in Sources */ = {isa = PBXBuildFile; fileRef = 16CB28391E622B3B001E4E3B /* String+isCPF.swift */; };
		16CB283C1E622D62001E4E3B /* String+toMD5.swift in Sources */ = {isa = PBXBuildFile; fileRef = 16CB283B1E622D62001E4E3B /* String+toMD5.swift */; };
		16EB43B31E69CE440073C58A /* Main.storyboard in Resources */ = {isa = PBXBuildFile; fileRef = 16EB43B11E69CE440073C58A /* Main.storyboard */; };
		16EB43B91E6A5C630073C58A /* FlavorDao.swift in Sources */ = {isa = PBXBuildFile; fileRef = 16EB43B81E6A5C630073C58A /* FlavorDao.swift */; };
		16EB43BB1E6A75730073C58A /* EULA.txt in Resources */ = {isa = PBXBuildFile; fileRef = 16EB43BA1E6A75730073C58A /* EULA.txt */; };
		16EC3BC01E674F90008BD23B /* CarrinhoViewController.swift in Sources */ = {isa = PBXBuildFile; fileRef = 16EC3BBF1E674F90008BD23B /* CarrinhoViewController.swift */; };
		16EC3BC21E674FC9008BD23B /* FinalizarCompraViewController.swift in Sources */ = {isa = PBXBuildFile; fileRef = 16EC3BC11E674FC9008BD23B /* FinalizarCompraViewController.swift */; };
		16EC3BC41E675C0B008BD23B /* ProdutoDao.swift in Sources */ = {isa = PBXBuildFile; fileRef = 16EC3BC31E675C0B008BD23B /* ProdutoDao.swift */; };
		16EC3BC61E675C14008BD23B /* CafeDao.swift in Sources */ = {isa = PBXBuildFile; fileRef = 16EC3BC51E675C14008BD23B /* CafeDao.swift */; };
		16EC3BC81E675C20008BD23B /* PedidoDao.swift in Sources */ = {isa = PBXBuildFile; fileRef = 16EC3BC71E675C20008BD23B /* PedidoDao.swift */; };
		334243891E5F00540001938F /* AnimationViewController.swift in Sources */ = {isa = PBXBuildFile; fileRef = 334243881E5F00540001938F /* AnimationViewController.swift */; };
		3342438B1E5F4AA20001938F /* LoginViewController.swift in Sources */ = {isa = PBXBuildFile; fileRef = 3342438A1E5F4AA20001938F /* LoginViewController.swift */; };
		3342438D1E5F4B520001938F /* CadastroViewController.swift in Sources */ = {isa = PBXBuildFile; fileRef = 3342438C1E5F4B520001938F /* CadastroViewController.swift */; };
		3342438F1E5F4C210001938F /* PerfilViewController.swift in Sources */ = {isa = PBXBuildFile; fileRef = 3342438E1E5F4C210001938F /* PerfilViewController.swift */; };
		334243911E5F4C440001938F /* ConfiguracoesViewController.swift in Sources */ = {isa = PBXBuildFile; fileRef = 334243901E5F4C440001938F /* ConfiguracoesViewController.swift */; };
		334243931E5F4C590001938F /* MeusDadosViewController.swift in Sources */ = {isa = PBXBuildFile; fileRef = 334243921E5F4C590001938F /* MeusDadosViewController.swift */; };
		334243951E5F4C770001938F /* PedidosViewController.swift in Sources */ = {isa = PBXBuildFile; fileRef = 334243941E5F4C770001938F /* PedidosViewController.swift */; };
		334243971E5F4C8C0001938F /* OfertasViewController.swift in Sources */ = {isa = PBXBuildFile; fileRef = 334243961E5F4C8C0001938F /* OfertasViewController.swift */; };
		334243991E5F4CA10001938F /* ProdutosViewController.swift in Sources */ = {isa = PBXBuildFile; fileRef = 334243981E5F4CA10001938F /* ProdutosViewController.swift */; };
		3342439B1E5F4CB50001938F /* AvaliacoesViewController.swift in Sources */ = {isa = PBXBuildFile; fileRef = 3342439A1E5F4CB50001938F /* AvaliacoesViewController.swift */; };
		3342439D1E5F4CC90001938F /* BuscaViewController.swift in Sources */ = {isa = PBXBuildFile; fileRef = 3342439C1E5F4CC90001938F /* BuscaViewController.swift */; };
		3342439F1E5F4CE00001938F /* AvaliacaoViewController.swift in Sources */ = {isa = PBXBuildFile; fileRef = 3342439E1E5F4CE00001938F /* AvaliacaoViewController.swift */; };
		334243A11E5F4CFB0001938F /* FlavorViewController.swift in Sources */ = {isa = PBXBuildFile; fileRef = 334243A01E5F4CFB0001938F /* FlavorViewController.swift */; };
		334243A31E5F4D0F0001938F /* DetalhesViewController.swift in Sources */ = {isa = PBXBuildFile; fileRef = 334243A21E5F4D0F0001938F /* DetalhesViewController.swift */; };
		334243A51E5F4D520001938F /* MapaViewController.swift in Sources */ = {isa = PBXBuildFile; fileRef = 334243A41E5F4D520001938F /* MapaViewController.swift */; };
		334243A71E5F4D6D0001938F /* MetodoDePreparoViewController.swift in Sources */ = {isa = PBXBuildFile; fileRef = 334243A61E5F4D6D0001938F /* MetodoDePreparoViewController.swift */; };
		33FD188D1E68C565009FCF73 /* 1.png in Resources */ = {isa = PBXBuildFile; fileRef = 33FD188A1E68C565009FCF73 /* 1.png */; };
		33FD188E1E68C565009FCF73 /* 2.png in Resources */ = {isa = PBXBuildFile; fileRef = 33FD188B1E68C565009FCF73 /* 2.png */; };
		33FD188F1E68C565009FCF73 /* 3.png in Resources */ = {isa = PBXBuildFile; fileRef = 33FD188C1E68C565009FCF73 /* 3.png */; };
		33FD18971E699120009FCF73 /* MetodosPreparo.swift in Sources */ = {isa = PBXBuildFile; fileRef = 33FD18961E699120009FCF73 /* MetodosPreparo.swift */; };
		33FD18991E6999EA009FCF73 /* PreparaDao.swift in Sources */ = {isa = PBXBuildFile; fileRef = 33FD18981E6999EA009FCF73 /* PreparaDao.swift */; };
		33FD189F1E699F29009FCF73 /* preparo-1.png in Resources */ = {isa = PBXBuildFile; fileRef = 33FD189A1E699F29009FCF73 /* preparo-1.png */; };
		33FD18A01E699F29009FCF73 /* preparo-2.png in Resources */ = {isa = PBXBuildFile; fileRef = 33FD189B1E699F29009FCF73 /* preparo-2.png */; };
		33FD18A11E699F29009FCF73 /* preparo-3.png in Resources */ = {isa = PBXBuildFile; fileRef = 33FD189C1E699F29009FCF73 /* preparo-3.png */; };
		33FD18A21E699F29009FCF73 /* preparo-4.png in Resources */ = {isa = PBXBuildFile; fileRef = 33FD189D1E699F29009FCF73 /* preparo-4.png */; };
		33FD18A31E699F29009FCF73 /* preparo-5.png in Resources */ = {isa = PBXBuildFile; fileRef = 33FD189E1E699F29009FCF73 /* preparo-5.png */; };
		33FD18AE1E69ACA1009FCF73 /* coffee_press_1.png in Resources */ = {isa = PBXBuildFile; fileRef = 33FD18A41E69ACA1009FCF73 /* coffee_press_1.png */; };
		33FD18AF1E69ACA1009FCF73 /* coffee_press_2.png in Resources */ = {isa = PBXBuildFile; fileRef = 33FD18A51E69ACA1009FCF73 /* coffee_press_2.png */; };
		33FD18B01E69ACA1009FCF73 /* coffee_press_3.png in Resources */ = {isa = PBXBuildFile; fileRef = 33FD18A61E69ACA1009FCF73 /* coffee_press_3.png */; };
		33FD18B11E69ACA1009FCF73 /* coffee_press_4.png in Resources */ = {isa = PBXBuildFile; fileRef = 33FD18A71E69ACA1009FCF73 /* coffee_press_4.png */; };
		33FD18B21E69ACA1009FCF73 /* coffee_press_5.png in Resources */ = {isa = PBXBuildFile; fileRef = 33FD18A81E69ACA1009FCF73 /* coffee_press_5.png */; };
		33FD18B31E69ACA1009FCF73 /* pour_over_cone_1.png in Resources */ = {isa = PBXBuildFile; fileRef = 33FD18A91E69ACA1009FCF73 /* pour_over_cone_1.png */; };
		33FD18B41E69ACA1009FCF73 /* pour_over_cone_2.png in Resources */ = {isa = PBXBuildFile; fileRef = 33FD18AA1E69ACA1009FCF73 /* pour_over_cone_2.png */; };
		33FD18B51E69ACA1009FCF73 /* pour_over_cone_3.png in Resources */ = {isa = PBXBuildFile; fileRef = 33FD18AB1E69ACA1009FCF73 /* pour_over_cone_3.png */; };
		33FD18B61E69ACA1009FCF73 /* pour_over_cone_4.png in Resources */ = {isa = PBXBuildFile; fileRef = 33FD18AC1E69ACA1009FCF73 /* pour_over_cone_4.png */; };
		33FD18B71E69ACA1009FCF73 /* pour_over_cone_5.png in Resources */ = {isa = PBXBuildFile; fileRef = 33FD18AD1E69ACA1009FCF73 /* pour_over_cone_5.png */; };
/* End PBXBuildFile section */

/* Begin PBXFileReference section */
		160721851E5F6E2100FF3C00 /* Bolts.framework */ = {isa = PBXFileReference; lastKnownFileType = wrapper.framework; name = Bolts.framework; path = CoffeeTastersIOS/framework/Bolts.framework; sourceTree = "<group>"; };
		160721861E5F6E2100FF3C00 /* FBSDKCoreKit.framework */ = {isa = PBXFileReference; lastKnownFileType = wrapper.framework; name = FBSDKCoreKit.framework; path = CoffeeTastersIOS/framework/FBSDKCoreKit.framework; sourceTree = "<group>"; };
		160721871E5F6E2100FF3C00 /* FBSDKLoginKit.framework */ = {isa = PBXFileReference; lastKnownFileType = wrapper.framework; name = FBSDKLoginKit.framework; path = CoffeeTastersIOS/framework/FBSDKLoginKit.framework; sourceTree = "<group>"; };
		160721881E5F6E2100FF3C00 /* FBSDKShareKit.framework */ = {isa = PBXFileReference; lastKnownFileType = wrapper.framework; name = FBSDKShareKit.framework; path = CoffeeTastersIOS/framework/FBSDKShareKit.framework; sourceTree = "<group>"; };
		160721951E5F7F5400FF3C00 /* Usuario.swift */ = {isa = PBXFileReference; fileEncoding = 4; lastKnownFileType = sourcecode.swift; path = Usuario.swift; sourceTree = "<group>"; };
		1607219B1E5F7F9600FF3C00 /* Preparo.swift */ = {isa = PBXFileReference; fileEncoding = 4; lastKnownFileType = sourcecode.swift; path = Preparo.swift; sourceTree = "<group>"; };
		1607219D1E5F7F9C00FF3C00 /* Pedido.swift */ = {isa = PBXFileReference; fileEncoding = 4; lastKnownFileType = sourcecode.swift; path = Pedido.swift; sourceTree = "<group>"; };
		1607219F1E5F7FA700FF3C00 /* Produto.swift */ = {isa = PBXFileReference; fileEncoding = 4; lastKnownFileType = sourcecode.swift; path = Produto.swift; sourceTree = "<group>"; };
		1613A0BC1E68997F00E9DE65 /* Acordeao.swift */ = {isa = PBXFileReference; fileEncoding = 4; lastKnownFileType = sourcecode.swift; path = Acordeao.swift; sourceTree = "<group>"; };
		1613A0BD1E68997F00E9DE65 /* ComprarAlertViewController.swift */ = {isa = PBXFileReference; fileEncoding = 4; lastKnownFileType = sourcecode.swift; path = ComprarAlertViewController.swift; sourceTree = "<group>"; };
		1613A0C01E6899B200E9DE65 /* MapKit.framework */ = {isa = PBXFileReference; lastKnownFileType = wrapper.framework; name = MapKit.framework; path = System/Library/Frameworks/MapKit.framework; sourceTree = SDKROOT; };
		1613A0C21E689C0700E9DE65 /* Pino.swift */ = {isa = PBXFileReference; fileEncoding = 4; lastKnownFileType = sourcecode.swift; path = Pino.swift; sourceTree = "<group>"; };
		16149FB61E6785E300A455BF /* CarrinhoCustomViewCellItem.swift */ = {isa = PBXFileReference; fileEncoding = 4; lastKnownFileType = sourcecode.swift; path = CarrinhoCustomViewCellItem.swift; sourceTree = "<group>"; };
		16149FB81E67866900A455BF /* ProdutosCustomViewCellHeader.swift */ = {isa = PBXFileReference; fileEncoding = 4; lastKnownFileType = sourcecode.swift; path = ProdutosCustomViewCellHeader.swift; sourceTree = "<group>"; };
		16149FBA1E67867500A455BF /* ProdutosCustomViewCellDetails.swift */ = {isa = PBXFileReference; fileEncoding = 4; lastKnownFileType = sourcecode.swift; path = ProdutosCustomViewCellDetails.swift; sourceTree = "<group>"; };
		16149FBC1E67868500A455BF /* OfertasCustomViewCellHeader.swift */ = {isa = PBXFileReference; fileEncoding = 4; lastKnownFileType = sourcecode.swift; path = OfertasCustomViewCellHeader.swift; sourceTree = "<group>"; };
		16149FBE1E67868D00A455BF /* OfertasCustomViewCellDetails.swift */ = {isa = PBXFileReference; fileEncoding = 4; lastKnownFileType = sourcecode.swift; path = OfertasCustomViewCellDetails.swift; sourceTree = "<group>"; };
		16149FC01E6786A000A455BF /* PedidosCustomViewCellHeader.swift */ = {isa = PBXFileReference; fileEncoding = 4; lastKnownFileType = sourcecode.swift; path = PedidosCustomViewCellHeader.swift; sourceTree = "<group>"; };
		16149FC21E6786A600A455BF /* PedidosCustomViewCellDetails.swift */ = {isa = PBXFileReference; fileEncoding = 4; lastKnownFileType = sourcecode.swift; path = PedidosCustomViewCellDetails.swift; sourceTree = "<group>"; };
		16149FC41E6786B100A455BF /* AvaliacoesCustomViewCellHeader.swift */ = {isa = PBXFileReference; fileEncoding = 4; lastKnownFileType = sourcecode.swift; path = AvaliacoesCustomViewCellHeader.swift; sourceTree = "<group>"; };
		16149FC61E6786C500A455BF /* AvaliacoesCustomViewCellDetails.swift */ = {isa = PBXFileReference; fileEncoding = 4; lastKnownFileType = sourcecode.swift; path = AvaliacoesCustomViewCellDetails.swift; sourceTree = "<group>"; };
		16149FD31E67AA6E00A455BF /* AvaliacoesDao.swift */ = {isa = PBXFileReference; fileEncoding = 4; lastKnownFileType = sourcecode.swift; path = AvaliacoesDao.swift; sourceTree = "<group>"; };
		1618384D1E66DDFC00D4F438 /* BusyAlert.swift */ = {isa = PBXFileReference; fileEncoding = 4; lastKnownFileType = sourcecode.swift; path = BusyAlert.swift; sourceTree = "<group>"; };
		163728681E624585009CB0DA /* String+isRG.swift */ = {isa = PBXFileReference; fileEncoding = 4; lastKnownFileType = sourcecode.swift; path = "String+isRG.swift"; sourceTree = "<group>"; };
		1643CBB51E68CB77008D7872 /* FlavorCustomViewCell.swift */ = {isa = PBXFileReference; fileEncoding = 4; lastKnownFileType = sourcecode.swift; path = FlavorCustomViewCell.swift; sourceTree = "<group>"; };
		1645FE021E62F4D90002C1B6 /* StarryStars.h */ = {isa = PBXFileReference; lastKnownFileType = sourcecode.c.h; path = StarryStars.h; sourceTree = "<group>"; };
		1645FE031E62F4FF0002C1B6 /* RatingView.swift */ = {isa = PBXFileReference; fileEncoding = 4; lastKnownFileType = sourcecode.swift; path = RatingView.swift; sourceTree = "<group>"; };
		1645FE051E62F5680002C1B6 /* starryStars_half@2x.png */ = {isa = PBXFileReference; lastKnownFileType = image.png; path = "starryStars_half@2x.png"; sourceTree = "<group>"; };
		1645FE061E62F5680002C1B6 /* starryStars_off@2x.png */ = {isa = PBXFileReference; lastKnownFileType = image.png; path = "starryStars_off@2x.png"; sourceTree = "<group>"; };
		1645FE071E62F5680002C1B6 /* starryStars_on@2x.png */ = {isa = PBXFileReference; lastKnownFileType = image.png; path = "starryStars_on@2x.png"; sourceTree = "<group>"; };
		166BA4401E659EB300739A41 /* Configuracoes.swift */ = {isa = PBXFileReference; fileEncoding = 4; lastKnownFileType = sourcecode.swift; path = Configuracoes.swift; sourceTree = "<group>"; };
		166BA4431E65B8D300739A41 /* SyncUtil.swift */ = {isa = PBXFileReference; fileEncoding = 4; lastKnownFileType = sourcecode.swift; path = SyncUtil.swift; sourceTree = "<group>"; };
		1691A8BF1E5FC86B00FC5085 /* WheelFlavor.swift */ = {isa = PBXFileReference; fileEncoding = 4; lastKnownFileType = sourcecode.swift; path = WheelFlavor.swift; sourceTree = "<group>"; };
		1691A8C91E60B66800FC5085 /* EsqueciMinhaSenhaViewController.swift */ = {isa = PBXFileReference; fileEncoding = 4; lastKnownFileType = sourcecode.swift; path = EsqueciMinhaSenhaViewController.swift; sourceTree = "<group>"; };
		1691A8CB1E60D71C00FC5085 /* Dao.swift */ = {isa = PBXFileReference; fileEncoding = 4; lastKnownFileType = sourcecode.swift; path = Dao.swift; sourceTree = "<group>"; };
		16B1CCC01E5D950900681A4E /* CoffeeTastersIOS.app */ = {isa = PBXFileReference; explicitFileType = wrapper.application; includeInIndex = 0; path = CoffeeTastersIOS.app; sourceTree = BUILT_PRODUCTS_DIR; };
		16B1CCC31E5D950900681A4E /* AppDelegate.swift */ = {isa = PBXFileReference; lastKnownFileType = sourcecode.swift; path = AppDelegate.swift; sourceTree = "<group>"; };
		16B1CCCB1E5D950900681A4E /* CoffeeTastersIOS.xcdatamodel */ = {isa = PBXFileReference; lastKnownFileType = wrapper.xcdatamodel; path = CoffeeTastersIOS.xcdatamodel; sourceTree = "<group>"; };
		16B1CCCD1E5D950900681A4E /* Assets.xcassets */ = {isa = PBXFileReference; lastKnownFileType = folder.assetcatalog; path = Assets.xcassets; sourceTree = "<group>"; };
		16B1CCD01E5D950900681A4E /* Base */ = {isa = PBXFileReference; lastKnownFileType = file.storyboard; name = Base; path = Base.lproj/LaunchScreen.storyboard; sourceTree = "<group>"; };
		16B1CCD21E5D950900681A4E /* Info.plist */ = {isa = PBXFileReference; lastKnownFileType = text.plist.xml; path = Info.plist; sourceTree = "<group>"; };
		16B9BD8F1E64FD6300D615AE /* cafe.jpg */ = {isa = PBXFileReference; lastKnownFileType = image.jpeg; path = cafe.jpg; sourceTree = "<group>"; };
		16C92A0C1E698A3C00BC8150 /* icon.png */ = {isa = PBXFileReference; lastKnownFileType = image.png; path = icon.png; sourceTree = "<group>"; };
		16C92A0E1E698B1300BC8150 /* AcordeaoPedido.swift */ = {isa = PBXFileReference; fileEncoding = 4; lastKnownFileType = sourcecode.swift; path = AcordeaoPedido.swift; sourceTree = "<group>"; };
		16CB28331E6220C2001E4E3B /* config.jpg */ = {isa = PBXFileReference; lastKnownFileType = image.jpeg; name = config.jpg; path = imgs/config.jpg; sourceTree = "<group>"; };
		16CB28391E622B3B001E4E3B /* String+isCPF.swift */ = {isa = PBXFileReference; fileEncoding = 4; lastKnownFileType = sourcecode.swift; path = "String+isCPF.swift"; sourceTree = "<group>"; };
		16CB283B1E622D62001E4E3B /* String+toMD5.swift */ = {isa = PBXFileReference; fileEncoding = 4; lastKnownFileType = sourcecode.swift; path = "String+toMD5.swift"; sourceTree = "<group>"; };
		16EB43B01E69B8EB0073C58A /* CoffeeTastersIOS.entitlements */ = {isa = PBXFileReference; lastKnownFileType = text.plist.entitlements; path = CoffeeTastersIOS.entitlements; sourceTree = "<group>"; };
		16EB43B21E69CE440073C58A /* Base */ = {isa = PBXFileReference; lastKnownFileType = file.storyboard; name = Base; path = CoffeeTastersIOS/Base.lproj/Main.storyboard; sourceTree = "<group>"; };
		16EB43B81E6A5C630073C58A /* FlavorDao.swift */ = {isa = PBXFileReference; fileEncoding = 4; lastKnownFileType = sourcecode.swift; path = FlavorDao.swift; sourceTree = "<group>"; };
		16EB43BA1E6A75730073C58A /* EULA.txt */ = {isa = PBXFileReference; fileEncoding = 4; lastKnownFileType = text; path = EULA.txt; sourceTree = "<group>"; };
		16EC3BBF1E674F90008BD23B /* CarrinhoViewController.swift */ = {isa = PBXFileReference; fileEncoding = 4; lastKnownFileType = sourcecode.swift; path = CarrinhoViewController.swift; sourceTree = "<group>"; };
		16EC3BC11E674FC9008BD23B /* FinalizarCompraViewController.swift */ = {isa = PBXFileReference; fileEncoding = 4; lastKnownFileType = sourcecode.swift; path = FinalizarCompraViewController.swift; sourceTree = "<group>"; };
		16EC3BC31E675C0B008BD23B /* ProdutoDao.swift */ = {isa = PBXFileReference; fileEncoding = 4; lastKnownFileType = sourcecode.swift; path = ProdutoDao.swift; sourceTree = "<group>"; };
		16EC3BC51E675C14008BD23B /* CafeDao.swift */ = {isa = PBXFileReference; fileEncoding = 4; lastKnownFileType = sourcecode.swift; path = CafeDao.swift; sourceTree = "<group>"; };
		16EC3BC71E675C20008BD23B /* PedidoDao.swift */ = {isa = PBXFileReference; fileEncoding = 4; lastKnownFileType = sourcecode.swift; path = PedidoDao.swift; sourceTree = "<group>"; };
		334243881E5F00540001938F /* AnimationViewController.swift */ = {isa = PBXFileReference; fileEncoding = 4; lastKnownFileType = sourcecode.swift; path = AnimationViewController.swift; sourceTree = "<group>"; };
		3342438A1E5F4AA20001938F /* LoginViewController.swift */ = {isa = PBXFileReference; fileEncoding = 4; lastKnownFileType = sourcecode.swift; path = LoginViewController.swift; sourceTree = "<group>"; };
		3342438C1E5F4B520001938F /* CadastroViewController.swift */ = {isa = PBXFileReference; fileEncoding = 4; lastKnownFileType = sourcecode.swift; path = CadastroViewController.swift; sourceTree = "<group>"; };
		3342438E1E5F4C210001938F /* PerfilViewController.swift */ = {isa = PBXFileReference; fileEncoding = 4; lastKnownFileType = sourcecode.swift; path = PerfilViewController.swift; sourceTree = "<group>"; };
		334243901E5F4C440001938F /* ConfiguracoesViewController.swift */ = {isa = PBXFileReference; fileEncoding = 4; lastKnownFileType = sourcecode.swift; path = ConfiguracoesViewController.swift; sourceTree = "<group>"; };
		334243921E5F4C590001938F /* MeusDadosViewController.swift */ = {isa = PBXFileReference; fileEncoding = 4; lastKnownFileType = sourcecode.swift; path = MeusDadosViewController.swift; sourceTree = "<group>"; };
		334243941E5F4C770001938F /* PedidosViewController.swift */ = {isa = PBXFileReference; fileEncoding = 4; lastKnownFileType = sourcecode.swift; path = PedidosViewController.swift; sourceTree = "<group>"; };
		334243961E5F4C8C0001938F /* OfertasViewController.swift */ = {isa = PBXFileReference; fileEncoding = 4; lastKnownFileType = sourcecode.swift; path = OfertasViewController.swift; sourceTree = "<group>"; };
		334243981E5F4CA10001938F /* ProdutosViewController.swift */ = {isa = PBXFileReference; fileEncoding = 4; lastKnownFileType = sourcecode.swift; path = ProdutosViewController.swift; sourceTree = "<group>"; };
		3342439A1E5F4CB50001938F /* AvaliacoesViewController.swift */ = {isa = PBXFileReference; fileEncoding = 4; lastKnownFileType = sourcecode.swift; path = AvaliacoesViewController.swift; sourceTree = "<group>"; };
		3342439C1E5F4CC90001938F /* BuscaViewController.swift */ = {isa = PBXFileReference; fileEncoding = 4; lastKnownFileType = sourcecode.swift; path = BuscaViewController.swift; sourceTree = "<group>"; };
		3342439E1E5F4CE00001938F /* AvaliacaoViewController.swift */ = {isa = PBXFileReference; fileEncoding = 4; lastKnownFileType = sourcecode.swift; path = AvaliacaoViewController.swift; sourceTree = "<group>"; };
		334243A01E5F4CFB0001938F /* FlavorViewController.swift */ = {isa = PBXFileReference; fileEncoding = 4; lastKnownFileType = sourcecode.swift; path = FlavorViewController.swift; sourceTree = "<group>"; };
		334243A21E5F4D0F0001938F /* DetalhesViewController.swift */ = {isa = PBXFileReference; fileEncoding = 4; lastKnownFileType = sourcecode.swift; path = DetalhesViewController.swift; sourceTree = "<group>"; };
		334243A41E5F4D520001938F /* MapaViewController.swift */ = {isa = PBXFileReference; fileEncoding = 4; lastKnownFileType = sourcecode.swift; path = MapaViewController.swift; sourceTree = "<group>"; };
		334243A61E5F4D6D0001938F /* MetodoDePreparoViewController.swift */ = {isa = PBXFileReference; fileEncoding = 4; lastKnownFileType = sourcecode.swift; path = MetodoDePreparoViewController.swift; sourceTree = "<group>"; };
		33FD188A1E68C565009FCF73 /* 1.png */ = {isa = PBXFileReference; lastKnownFileType = image.png; name = 1.png; path = imgs/1.png; sourceTree = "<group>"; };
		33FD188B1E68C565009FCF73 /* 2.png */ = {isa = PBXFileReference; lastKnownFileType = image.png; name = 2.png; path = imgs/2.png; sourceTree = "<group>"; };
		33FD188C1E68C565009FCF73 /* 3.png */ = {isa = PBXFileReference; lastKnownFileType = image.png; name = 3.png; path = imgs/3.png; sourceTree = "<group>"; };
		33FD18961E699120009FCF73 /* MetodosPreparo.swift */ = {isa = PBXFileReference; fileEncoding = 4; lastKnownFileType = sourcecode.swift; path = MetodosPreparo.swift; sourceTree = "<group>"; };
		33FD18981E6999EA009FCF73 /* PreparaDao.swift */ = {isa = PBXFileReference; fileEncoding = 4; lastKnownFileType = sourcecode.swift; path = PreparaDao.swift; sourceTree = "<group>"; };
		33FD189A1E699F29009FCF73 /* preparo-1.png */ = {isa = PBXFileReference; lastKnownFileType = image.png; name = "preparo-1.png"; path = "imgs/preparo-1.png"; sourceTree = "<group>"; };
		33FD189B1E699F29009FCF73 /* preparo-2.png */ = {isa = PBXFileReference; lastKnownFileType = image.png; name = "preparo-2.png"; path = "imgs/preparo-2.png"; sourceTree = "<group>"; };
		33FD189C1E699F29009FCF73 /* preparo-3.png */ = {isa = PBXFileReference; lastKnownFileType = image.png; name = "preparo-3.png"; path = "imgs/preparo-3.png"; sourceTree = "<group>"; };
		33FD189D1E699F29009FCF73 /* preparo-4.png */ = {isa = PBXFileReference; lastKnownFileType = image.png; name = "preparo-4.png"; path = "imgs/preparo-4.png"; sourceTree = "<group>"; };
		33FD189E1E699F29009FCF73 /* preparo-5.png */ = {isa = PBXFileReference; lastKnownFileType = image.png; name = "preparo-5.png"; path = "imgs/preparo-5.png"; sourceTree = "<group>"; };
		33FD18A41E69ACA1009FCF73 /* coffee_press_1.png */ = {isa = PBXFileReference; lastKnownFileType = image.png; name = coffee_press_1.png; path = imgs/coffee_press_1.png; sourceTree = "<group>"; };
		33FD18A51E69ACA1009FCF73 /* coffee_press_2.png */ = {isa = PBXFileReference; lastKnownFileType = image.png; name = coffee_press_2.png; path = imgs/coffee_press_2.png; sourceTree = "<group>"; };
		33FD18A61E69ACA1009FCF73 /* coffee_press_3.png */ = {isa = PBXFileReference; lastKnownFileType = image.png; name = coffee_press_3.png; path = imgs/coffee_press_3.png; sourceTree = "<group>"; };
		33FD18A71E69ACA1009FCF73 /* coffee_press_4.png */ = {isa = PBXFileReference; lastKnownFileType = image.png; name = coffee_press_4.png; path = imgs/coffee_press_4.png; sourceTree = "<group>"; };
		33FD18A81E69ACA1009FCF73 /* coffee_press_5.png */ = {isa = PBXFileReference; lastKnownFileType = image.png; name = coffee_press_5.png; path = imgs/coffee_press_5.png; sourceTree = "<group>"; };
		33FD18A91E69ACA1009FCF73 /* pour_over_cone_1.png */ = {isa = PBXFileReference; lastKnownFileType = image.png; name = pour_over_cone_1.png; path = imgs/pour_over_cone_1.png; sourceTree = "<group>"; };
		33FD18AA1E69ACA1009FCF73 /* pour_over_cone_2.png */ = {isa = PBXFileReference; lastKnownFileType = image.png; name = pour_over_cone_2.png; path = imgs/pour_over_cone_2.png; sourceTree = "<group>"; };
		33FD18AB1E69ACA1009FCF73 /* pour_over_cone_3.png */ = {isa = PBXFileReference; lastKnownFileType = image.png; name = pour_over_cone_3.png; path = imgs/pour_over_cone_3.png; sourceTree = "<group>"; };
		33FD18AC1E69ACA1009FCF73 /* pour_over_cone_4.png */ = {isa = PBXFileReference; lastKnownFileType = image.png; name = pour_over_cone_4.png; path = imgs/pour_over_cone_4.png; sourceTree = "<group>"; };
		33FD18AD1E69ACA1009FCF73 /* pour_over_cone_5.png */ = {isa = PBXFileReference; lastKnownFileType = image.png; name = pour_over_cone_5.png; path = imgs/pour_over_cone_5.png; sourceTree = "<group>"; };
/* End PBXFileReference section */

/* Begin PBXFrameworksBuildPhase section */
		16B1CCBD1E5D950900681A4E /* Frameworks */ = {
			isa = PBXFrameworksBuildPhase;
			buildActionMask = 2147483647;
			files = (
				1613A0C11E6899B200E9DE65 /* MapKit.framework in Frameworks */,
				160721891E5F6E2100FF3C00 /* Bolts.framework in Frameworks */,
				1607218A1E5F6E2100FF3C00 /* FBSDKCoreKit.framework in Frameworks */,
				1607218B1E5F6E2100FF3C00 /* FBSDKLoginKit.framework in Frameworks */,
				1607218C1E5F6E2100FF3C00 /* FBSDKShareKit.framework in Frameworks */,
			);
			runOnlyForDeploymentPostprocessing = 0;
		};
/* End PBXFrameworksBuildPhase section */

/* Begin PBXGroup section */
		1607217A1E5F67B100FF3C00 /* Frameworks */ = {
			isa = PBXGroup;
			children = (
				1613A0C01E6899B200E9DE65 /* MapKit.framework */,
				160721851E5F6E2100FF3C00 /* Bolts.framework */,
				160721861E5F6E2100FF3C00 /* FBSDKCoreKit.framework */,
				160721871E5F6E2100FF3C00 /* FBSDKLoginKit.framework */,
				160721881E5F6E2100FF3C00 /* FBSDKShareKit.framework */,
			);
			name = Frameworks;
			sourceTree = "<group>";
		};
		160721831E5F6DB200FF3C00 /* util */ = {
			isa = PBXGroup;
			children = (
				166BA4431E65B8D300739A41 /* SyncUtil.swift */,
				1613A0C21E689C0700E9DE65 /* Pino.swift */,
				1613A0BD1E68997F00E9DE65 /* ComprarAlertViewController.swift */,
				1613A0BC1E68997F00E9DE65 /* Acordeao.swift */,
				1645FE021E62F4D90002C1B6 /* StarryStars.h */,
				1645FE031E62F4FF0002C1B6 /* RatingView.swift */,
				1618384D1E66DDFC00D4F438 /* BusyAlert.swift */,
				16C92A0E1E698B1300BC8150 /* AcordeaoPedido.swift */,
			);
			name = util;
			sourceTree = "<group>";
		};
		1607218D1E5F7E5F00FF3C00 /* wheelflavor */ = {
			isa = PBXGroup;
			children = (
				1691A8BF1E5FC86B00FC5085 /* WheelFlavor.swift */,
			);
			name = wheelflavor;
			sourceTree = "<group>";
		};
		16B1CCB71E5D950900681A4E = {
			isa = PBXGroup;
			children = (
				16C92A0C1E698A3C00BC8150 /* icon.png */,
				16B1CCC21E5D950900681A4E /* CoffeeTastersIOS */,
				16B1CCC11E5D950900681A4E /* Products */,
				1607217A1E5F67B100FF3C00 /* Frameworks */,
			);
			sourceTree = "<group>";
		};
		16B1CCC11E5D950900681A4E /* Products */ = {
			isa = PBXGroup;
			children = (
				16B1CCC01E5D950900681A4E /* CoffeeTastersIOS.app */,
			);
			name = Products;
			sourceTree = "<group>";
		};
		16B1CCC21E5D950900681A4E /* CoffeeTastersIOS */ = {
			isa = PBXGroup;
			children = (
				16EB43B01E69B8EB0073C58A /* CoffeeTastersIOS.entitlements */,
				16EC3BBC1E6720A8008BD23B /* customViews */,
				16CB28381E622B1F001E4E3B /* extensions */,
				1607218D1E5F7E5F00FF3C00 /* wheelflavor */,
				160721831E5F6DB200FF3C00 /* util */,
				16B1CCDC1E5D959600681A4E /* images */,
				16B1CCDB1E5D957000681A4E /* controllers */,
				16B1CCD91E5D956200681A4E /* dao */,
				16B1CCD81E5D955D00681A4E /* modelo */,
				16B1CCC31E5D950900681A4E /* AppDelegate.swift */,
				16EB43B11E69CE440073C58A /* Main.storyboard */,
				16B1CCCD1E5D950900681A4E /* Assets.xcassets */,
				16B1CCCF1E5D950900681A4E /* LaunchScreen.storyboard */,
				16B1CCD21E5D950900681A4E /* Info.plist */,
				16B1CCCA1E5D950900681A4E /* CoffeeTastersIOS.xcdatamodeld */,
				16EB43BA1E6A75730073C58A /* EULA.txt */,
			);
			path = CoffeeTastersIOS;
			sourceTree = "<group>";
		};
		16B1CCD81E5D955D00681A4E /* modelo */ = {
			isa = PBXGroup;
			children = (
				33FD18961E699120009FCF73 /* MetodosPreparo.swift */,
				160721951E5F7F5400FF3C00 /* Usuario.swift */,
				1607219B1E5F7F9600FF3C00 /* Preparo.swift */,
				1607219D1E5F7F9C00FF3C00 /* Pedido.swift */,
				1607219F1E5F7FA700FF3C00 /* Produto.swift */,
				166BA4401E659EB300739A41 /* Configuracoes.swift */,
			);
			name = modelo;
			sourceTree = "<group>";
		};
		16B1CCD91E5D956200681A4E /* dao */ = {
			isa = PBXGroup;
			children = (
				1691A8CB1E60D71C00FC5085 /* Dao.swift */,
				16EC3BC31E675C0B008BD23B /* ProdutoDao.swift */,
				16EC3BC51E675C14008BD23B /* CafeDao.swift */,
				16EC3BC71E675C20008BD23B /* PedidoDao.swift */,
				16149FD31E67AA6E00A455BF /* AvaliacoesDao.swift */,
				33FD18981E6999EA009FCF73 /* PreparaDao.swift */,
				16EB43B81E6A5C630073C58A /* FlavorDao.swift */,
			);
			name = dao;
			sourceTree = "<group>";
		};
		16B1CCDB1E5D957000681A4E /* controllers */ = {
			isa = PBXGroup;
			children = (
				334243881E5F00540001938F /* AnimationViewController.swift */,
				3342438A1E5F4AA20001938F /* LoginViewController.swift */,
				3342438C1E5F4B520001938F /* CadastroViewController.swift */,
				3342438E1E5F4C210001938F /* PerfilViewController.swift */,
				334243901E5F4C440001938F /* ConfiguracoesViewController.swift */,
				334243921E5F4C590001938F /* MeusDadosViewController.swift */,
				334243941E5F4C770001938F /* PedidosViewController.swift */,
				334243961E5F4C8C0001938F /* OfertasViewController.swift */,
				334243981E5F4CA10001938F /* ProdutosViewController.swift */,
				3342439A1E5F4CB50001938F /* AvaliacoesViewController.swift */,
				3342439C1E5F4CC90001938F /* BuscaViewController.swift */,
				3342439E1E5F4CE00001938F /* AvaliacaoViewController.swift */,
				334243A01E5F4CFB0001938F /* FlavorViewController.swift */,
				334243A21E5F4D0F0001938F /* DetalhesViewController.swift */,
				334243A41E5F4D520001938F /* MapaViewController.swift */,
				334243A61E5F4D6D0001938F /* MetodoDePreparoViewController.swift */,
				1691A8C91E60B66800FC5085 /* EsqueciMinhaSenhaViewController.swift */,
				16EC3BBF1E674F90008BD23B /* CarrinhoViewController.swift */,
				16EC3BC11E674FC9008BD23B /* FinalizarCompraViewController.swift */,
			);
			name = controllers;
			sourceTree = "<group>";
		};
		16B1CCDC1E5D959600681A4E /* images */ = {
			isa = PBXGroup;
			children = (
				33FD18A41E69ACA1009FCF73 /* coffee_press_1.png */,
				33FD18A51E69ACA1009FCF73 /* coffee_press_2.png */,
				33FD18A61E69ACA1009FCF73 /* coffee_press_3.png */,
				33FD18A71E69ACA1009FCF73 /* coffee_press_4.png */,
				33FD18A81E69ACA1009FCF73 /* coffee_press_5.png */,
				33FD18A91E69ACA1009FCF73 /* pour_over_cone_1.png */,
				33FD18AA1E69ACA1009FCF73 /* pour_over_cone_2.png */,
				33FD18AB1E69ACA1009FCF73 /* pour_over_cone_3.png */,
				33FD18AC1E69ACA1009FCF73 /* pour_over_cone_4.png */,
				33FD18AD1E69ACA1009FCF73 /* pour_over_cone_5.png */,
				33FD189A1E699F29009FCF73 /* preparo-1.png */,
				33FD189B1E699F29009FCF73 /* preparo-2.png */,
				33FD189C1E699F29009FCF73 /* preparo-3.png */,
				33FD189D1E699F29009FCF73 /* preparo-4.png */,
				33FD189E1E699F29009FCF73 /* preparo-5.png */,
				33FD188A1E68C565009FCF73 /* 1.png */,
				33FD188B1E68C565009FCF73 /* 2.png */,
				33FD188C1E68C565009FCF73 /* 3.png */,
				16B9BD8F1E64FD6300D615AE /* cafe.jpg */,
				1645FE051E62F5680002C1B6 /* starryStars_half@2x.png */,
				1645FE061E62F5680002C1B6 /* starryStars_off@2x.png */,
				1645FE071E62F5680002C1B6 /* starryStars_on@2x.png */,
				16CB28331E6220C2001E4E3B /* config.jpg */,
			);
			name = images;
			sourceTree = "<group>";
		};
		16CB28381E622B1F001E4E3B /* extensions */ = {
			isa = PBXGroup;
			children = (
				16CB28391E622B3B001E4E3B /* String+isCPF.swift */,
				16CB283B1E622D62001E4E3B /* String+toMD5.swift */,
				163728681E624585009CB0DA /* String+isRG.swift */,
			);
			name = extensions;
			sourceTree = "<group>";
		};
		16EC3BBC1E6720A8008BD23B /* customViews */ = {
			isa = PBXGroup;
			children = (
				16149FB61E6785E300A455BF /* CarrinhoCustomViewCellItem.swift */,
				16149FB81E67866900A455BF /* ProdutosCustomViewCellHeader.swift */,
				16149FBA1E67867500A455BF /* ProdutosCustomViewCellDetails.swift */,
				16149FBC1E67868500A455BF /* OfertasCustomViewCellHeader.swift */,
				16149FBE1E67868D00A455BF /* OfertasCustomViewCellDetails.swift */,
				16149FC01E6786A000A455BF /* PedidosCustomViewCellHeader.swift */,
				16149FC21E6786A600A455BF /* PedidosCustomViewCellDetails.swift */,
				16149FC41E6786B100A455BF /* AvaliacoesCustomViewCellHeader.swift */,
				16149FC61E6786C500A455BF /* AvaliacoesCustomViewCellDetails.swift */,
				1643CBB51E68CB77008D7872 /* FlavorCustomViewCell.swift */,
			);
			name = customViews;
			sourceTree = "<group>";
		};
/* End PBXGroup section */

/* Begin PBXNativeTarget section */
		16B1CCBF1E5D950900681A4E /* CoffeeTastersIOS */ = {
			isa = PBXNativeTarget;
			buildConfigurationList = 16B1CCD51E5D950900681A4E /* Build configuration list for PBXNativeTarget "CoffeeTastersIOS" */;
			buildPhases = (
				16B1CCBC1E5D950900681A4E /* Sources */,
				16B1CCBD1E5D950900681A4E /* Frameworks */,
				16B1CCBE1E5D950900681A4E /* Resources */,
			);
			buildRules = (
			);
			dependencies = (
			);
			name = CoffeeTastersIOS;
			productName = CoffeeTastersIOS;
			productReference = 16B1CCC01E5D950900681A4E /* CoffeeTastersIOS.app */;
			productType = "com.apple.product-type.application";
		};
/* End PBXNativeTarget section */

/* Begin PBXProject section */
		16B1CCB81E5D950900681A4E /* Project object */ = {
			isa = PBXProject;
			attributes = {
				LastSwiftUpdateCheck = 0820;
				LastUpgradeCheck = 0820;
				ORGANIZATIONNAME = Luglio;
				TargetAttributes = {
					16B1CCBF1E5D950900681A4E = {
						CreatedOnToolsVersion = 8.2.1;
						DevelopmentTeam = 6J39ANGJ92;
						LastSwiftMigration = 0820;
						ProvisioningStyle = Automatic;
						SystemCapabilities = {
							com.apple.Keychain = {
								enabled = 1;
							};
						};
					};
				};
			};
			buildConfigurationList = 16B1CCBB1E5D950900681A4E /* Build configuration list for PBXProject "CoffeeTastersIOS" */;
			compatibilityVersion = "Xcode 3.2";
			developmentRegion = English;
			hasScannedForEncodings = 0;
			knownRegions = (
				en,
				Base,
			);
			mainGroup = 16B1CCB71E5D950900681A4E;
			productRefGroup = 16B1CCC11E5D950900681A4E /* Products */;
			projectDirPath = "";
			projectRoot = "";
			targets = (
				16B1CCBF1E5D950900681A4E /* CoffeeTastersIOS */,
			);
		};
/* End PBXProject section */

/* Begin PBXResourcesBuildPhase section */
		16B1CCBE1E5D950900681A4E /* Resources */ = {
			isa = PBXResourcesBuildPhase;
			buildActionMask = 2147483647;
			files = (
				33FD18B71E69ACA1009FCF73 /* pour_over_cone_5.png in Resources */,
				16C92A0D1E698A3C00BC8150 /* icon.png in Resources */,
				33FD188F1E68C565009FCF73 /* 3.png in Resources */,
				33FD18B11E69ACA1009FCF73 /* coffee_press_4.png in Resources */,
				33FD188D1E68C565009FCF73 /* 1.png in Resources */,
				16EB43BB1E6A75730073C58A /* EULA.txt in Resources */,
				1645FE081E62F5680002C1B6 /* starryStars_half@2x.png in Resources */,
				16EB43B31E69CE440073C58A /* Main.storyboard in Resources */,
				33FD18A01E699F29009FCF73 /* preparo-2.png in Resources */,
				33FD18AF1E69ACA1009FCF73 /* coffee_press_2.png in Resources */,
				33FD188E1E68C565009FCF73 /* 2.png in Resources */,
				16B1CCD11E5D950900681A4E /* LaunchScreen.storyboard in Resources */,
				33FD189F1E699F29009FCF73 /* preparo-1.png in Resources */,
				33FD18A11E699F29009FCF73 /* preparo-3.png in Resources */,
				33FD18B31E69ACA1009FCF73 /* pour_over_cone_1.png in Resources */,
				1645FE0A1E62F5680002C1B6 /* starryStars_on@2x.png in Resources */,
				33FD18A21E699F29009FCF73 /* preparo-4.png in Resources */,
				33FD18B21E69ACA1009FCF73 /* coffee_press_5.png in Resources */,
				33FD18B61E69ACA1009FCF73 /* pour_over_cone_4.png in Resources */,
				33FD18AE1E69ACA1009FCF73 /* coffee_press_1.png in Resources */,
				33FD18A31E699F29009FCF73 /* preparo-5.png in Resources */,
				16B1CCCE1E5D950900681A4E /* Assets.xcassets in Resources */,
				1645FE091E62F5680002C1B6 /* starryStars_off@2x.png in Resources */,
				16B9BD901E64FD6300D615AE /* cafe.jpg in Resources */,
				33FD18B51E69ACA1009FCF73 /* pour_over_cone_3.png in Resources */,
				33FD18B41E69ACA1009FCF73 /* pour_over_cone_2.png in Resources */,
				16CB28341E6220C2001E4E3B /* config.jpg in Resources */,
				33FD18B01E69ACA1009FCF73 /* coffee_press_3.png in Resources */,
			);
			runOnlyForDeploymentPostprocessing = 0;
		};
/* End PBXResourcesBuildPhase section */

/* Begin PBXSourcesBuildPhase section */
		16B1CCBC1E5D950900681A4E /* Sources */ = {
			isa = PBXSourcesBuildPhase;
			buildActionMask = 2147483647;
			files = (
				16149FC71E6786C500A455BF /* AvaliacoesCustomViewCellDetails.swift in Sources */,
				16149FB91E67866900A455BF /* ProdutosCustomViewCellHeader.swift in Sources */,
				334243911E5F4C440001938F /* ConfiguracoesViewController.swift in Sources */,
				16EC3BC41E675C0B008BD23B /* ProdutoDao.swift in Sources */,
				1613A0BF1E68997F00E9DE65 /* ComprarAlertViewController.swift in Sources */,
				334243991E5F4CA10001938F /* ProdutosViewController.swift in Sources */,
				1613A0BE1E68997F00E9DE65 /* Acordeao.swift in Sources */,
				1607219C1E5F7F9600FF3C00 /* Preparo.swift in Sources */,
				16C92A0F1E698B1300BC8150 /* AcordeaoPedido.swift in Sources */,
				16149FBB1E67867500A455BF /* ProdutosCustomViewCellDetails.swift in Sources */,
				1645FE041E62F4FF0002C1B6 /* RatingView.swift in Sources */,
				3342439B1E5F4CB50001938F /* AvaliacoesViewController.swift in Sources */,
				16EC3BC61E675C14008BD23B /* CafeDao.swift in Sources */,
				3342438D1E5F4B520001938F /* CadastroViewController.swift in Sources */,
				166BA4411E659EB300739A41 /* Configuracoes.swift in Sources */,
				3342439F1E5F4CE00001938F /* AvaliacaoViewController.swift in Sources */,
				16149FC51E6786B100A455BF /* AvaliacoesCustomViewCellHeader.swift in Sources */,
				334243931E5F4C590001938F /* MeusDadosViewController.swift in Sources */,
				16CB283A1E622B3B001E4E3B /* String+isCPF.swift in Sources */,
				334243971E5F4C8C0001938F /* OfertasViewController.swift in Sources */,
				334243A31E5F4D0F0001938F /* DetalhesViewController.swift in Sources */,
				16149FBF1E67868D00A455BF /* OfertasCustomViewCellDetails.swift in Sources */,
				1691A8CA1E60B66800FC5085 /* EsqueciMinhaSenhaViewController.swift in Sources */,
				16149FD41E67AA6E00A455BF /* AvaliacoesDao.swift in Sources */,
				1618384E1E66DDFC00D4F438 /* BusyAlert.swift in Sources */,
				16149FBD1E67868500A455BF /* OfertasCustomViewCellHeader.swift in Sources */,
				16EB43B91E6A5C630073C58A /* FlavorDao.swift in Sources */,
				16EC3BC01E674F90008BD23B /* CarrinhoViewController.swift in Sources */,
				160721961E5F7F5400FF3C00 /* Usuario.swift in Sources */,
				3342439D1E5F4CC90001938F /* BuscaViewController.swift in Sources */,
				1643CBB61E68CB77008D7872 /* FlavorCustomViewCell.swift in Sources */,
				33FD18991E6999EA009FCF73 /* PreparaDao.swift in Sources */,
				16B1CCCC1E5D950900681A4E /* CoffeeTastersIOS.xcdatamodeld in Sources */,
				334243951E5F4C770001938F /* PedidosViewController.swift in Sources */,
				334243A71E5F4D6D0001938F /* MetodoDePreparoViewController.swift in Sources */,
				1607219E1E5F7F9C00FF3C00 /* Pedido.swift in Sources */,
				16B1CCC41E5D950900681A4E /* AppDelegate.swift in Sources */,
				1691A8C01E5FC86B00FC5085 /* WheelFlavor.swift in Sources */,
				16CB283C1E622D62001E4E3B /* String+toMD5.swift in Sources */,
				334243A51E5F4D520001938F /* MapaViewController.swift in Sources */,
				334243891E5F00540001938F /* AnimationViewController.swift in Sources */,
				16149FB71E6785E300A455BF /* CarrinhoCustomViewCellItem.swift in Sources */,
				166BA4441E65B8D300739A41 /* SyncUtil.swift in Sources */,
				16EC3BC21E674FC9008BD23B /* FinalizarCompraViewController.swift in Sources */,
				1691A8CC1E60D71C00FC5085 /* Dao.swift in Sources */,
				33FD18971E699120009FCF73 /* MetodosPreparo.swift in Sources */,
				16149FC11E6786A000A455BF /* PedidosCustomViewCellHeader.swift in Sources */,
				1613A0C31E689C0700E9DE65 /* Pino.swift in Sources */,
				3342438F1E5F4C210001938F /* PerfilViewController.swift in Sources */,
				160721A01E5F7FA700FF3C00 /* Produto.swift in Sources */,
				16EC3BC81E675C20008BD23B /* PedidoDao.swift in Sources */,
				334243A11E5F4CFB0001938F /* FlavorViewController.swift in Sources */,
				16149FC31E6786A600A455BF /* PedidosCustomViewCellDetails.swift in Sources */,
				163728691E624585009CB0DA /* String+isRG.swift in Sources */,
				3342438B1E5F4AA20001938F /* LoginViewController.swift in Sources */,
			);
			runOnlyForDeploymentPostprocessing = 0;
		};
/* End PBXSourcesBuildPhase section */

/* Begin PBXVariantGroup section */
		16B1CCCF1E5D950900681A4E /* LaunchScreen.storyboard */ = {
			isa = PBXVariantGroup;
			children = (
				16B1CCD01E5D950900681A4E /* Base */,
			);
			name = LaunchScreen.storyboard;
			sourceTree = "<group>";
		};
		16EB43B11E69CE440073C58A /* Main.storyboard */ = {
			isa = PBXVariantGroup;
			children = (
				16EB43B21E69CE440073C58A /* Base */,
			);
			name = Main.storyboard;
			path = ..;
			sourceTree = "<group>";
		};
/* End PBXVariantGroup section */

/* Begin XCBuildConfiguration section */
		16B1CCD31E5D950900681A4E /* Debug */ = {
			isa = XCBuildConfiguration;
			buildSettings = {
				ALWAYS_SEARCH_USER_PATHS = NO;
				CLANG_ANALYZER_NONNULL = YES;
				CLANG_CXX_LANGUAGE_STANDARD = "gnu++0x";
				CLANG_CXX_LIBRARY = "libc++";
				CLANG_ENABLE_MODULES = YES;
				CLANG_ENABLE_OBJC_ARC = YES;
				CLANG_WARN_BOOL_CONVERSION = YES;
				CLANG_WARN_CONSTANT_CONVERSION = YES;
				CLANG_WARN_DIRECT_OBJC_ISA_USAGE = YES_ERROR;
				CLANG_WARN_DOCUMENTATION_COMMENTS = YES;
				CLANG_WARN_EMPTY_BODY = YES;
				CLANG_WARN_ENUM_CONVERSION = YES;
				CLANG_WARN_INFINITE_RECURSION = YES;
				CLANG_WARN_INT_CONVERSION = YES;
				CLANG_WARN_OBJC_ROOT_CLASS = YES_ERROR;
				CLANG_WARN_SUSPICIOUS_MOVE = YES;
				CLANG_WARN_UNREACHABLE_CODE = YES;
				CLANG_WARN__DUPLICATE_METHOD_MATCH = YES;
				"CODE_SIGN_IDENTITY[sdk=iphoneos*]" = "iPhone Developer";
				COPY_PHASE_STRIP = NO;
				DEBUG_INFORMATION_FORMAT = dwarf;
				ENABLE_STRICT_OBJC_MSGSEND = YES;
				ENABLE_TESTABILITY = YES;
				GCC_C_LANGUAGE_STANDARD = gnu99;
				GCC_DYNAMIC_NO_PIC = NO;
				GCC_NO_COMMON_BLOCKS = YES;
				GCC_OPTIMIZATION_LEVEL = 0;
				GCC_PREPROCESSOR_DEFINITIONS = (
					"DEBUG=1",
					"$(inherited)",
				);
				GCC_WARN_64_TO_32_BIT_CONVERSION = YES;
				GCC_WARN_ABOUT_RETURN_TYPE = YES_ERROR;
				GCC_WARN_UNDECLARED_SELECTOR = YES;
				GCC_WARN_UNINITIALIZED_AUTOS = YES_AGGRESSIVE;
				GCC_WARN_UNUSED_FUNCTION = YES;
				GCC_WARN_UNUSED_VARIABLE = YES;
				IPHONEOS_DEPLOYMENT_TARGET = 10.2;
				MTL_ENABLE_DEBUG_INFO = YES;
				ONLY_ACTIVE_ARCH = YES;
				SDKROOT = iphoneos;
				SWIFT_ACTIVE_COMPILATION_CONDITIONS = DEBUG;
				SWIFT_OPTIMIZATION_LEVEL = "-Onone";
			};
			name = Debug;
		};
		16B1CCD41E5D950900681A4E /* Release */ = {
			isa = XCBuildConfiguration;
			buildSettings = {
				ALWAYS_SEARCH_USER_PATHS = NO;
				CLANG_ANALYZER_NONNULL = YES;
				CLANG_CXX_LANGUAGE_STANDARD = "gnu++0x";
				CLANG_CXX_LIBRARY = "libc++";
				CLANG_ENABLE_MODULES = YES;
				CLANG_ENABLE_OBJC_ARC = YES;
				CLANG_WARN_BOOL_CONVERSION = YES;
				CLANG_WARN_CONSTANT_CONVERSION = YES;
				CLANG_WARN_DIRECT_OBJC_ISA_USAGE = YES_ERROR;
				CLANG_WARN_DOCUMENTATION_COMMENTS = YES;
				CLANG_WARN_EMPTY_BODY = YES;
				CLANG_WARN_ENUM_CONVERSION = YES;
				CLANG_WARN_INFINITE_RECURSION = YES;
				CLANG_WARN_INT_CONVERSION = YES;
				CLANG_WARN_OBJC_ROOT_CLASS = YES_ERROR;
				CLANG_WARN_SUSPICIOUS_MOVE = YES;
				CLANG_WARN_UNREACHABLE_CODE = YES;
				CLANG_WARN__DUPLICATE_METHOD_MATCH = YES;
				"CODE_SIGN_IDENTITY[sdk=iphoneos*]" = "iPhone Developer";
				COPY_PHASE_STRIP = NO;
				DEBUG_INFORMATION_FORMAT = "dwarf-with-dsym";
				ENABLE_NS_ASSERTIONS = NO;
				ENABLE_STRICT_OBJC_MSGSEND = YES;
				GCC_C_LANGUAGE_STANDARD = gnu99;
				GCC_NO_COMMON_BLOCKS = YES;
				GCC_WARN_64_TO_32_BIT_CONVERSION = YES;
				GCC_WARN_ABOUT_RETURN_TYPE = YES_ERROR;
				GCC_WARN_UNDECLARED_SELECTOR = YES;
				GCC_WARN_UNINITIALIZED_AUTOS = YES_AGGRESSIVE;
				GCC_WARN_UNUSED_FUNCTION = YES;
				GCC_WARN_UNUSED_VARIABLE = YES;
				IPHONEOS_DEPLOYMENT_TARGET = 10.2;
				MTL_ENABLE_DEBUG_INFO = NO;
				SDKROOT = iphoneos;
				SWIFT_OPTIMIZATION_LEVEL = "-Owholemodule";
				VALIDATE_PRODUCT = YES;
			};
			name = Release;
		};
		16B1CCD61E5D950900681A4E /* Debug */ = {
			isa = XCBuildConfiguration;
			buildSettings = {
				ASSETCATALOG_COMPILER_APPICON_NAME = AppIcon;
				CLANG_ENABLE_MODULES = YES;
				CODE_SIGN_ENTITLEMENTS = CoffeeTastersIOS/CoffeeTastersIOS.entitlements;
				DEVELOPMENT_TEAM = 6J39ANGJ92;
				FRAMEWORK_SEARCH_PATHS = (
					"$(inherited)",
					"$(PROJECT_DIR)",
					"$(PROJECT_DIR)/CoffeeTastersIOS/framework",
				);
				INFOPLIST_FILE = CoffeeTastersIOS/Info.plist;
				LD_RUNPATH_SEARCH_PATHS = "$(inherited) @executable_path/Frameworks";
				PRODUCT_BUNDLE_IDENTIFIER = br.com.luglio.CoffeeTastersIOS;
				PRODUCT_NAME = "$(TARGET_NAME)";
				SWIFT_OBJC_BRIDGING_HEADER = "";
				SWIFT_OPTIMIZATION_LEVEL = "-Onone";
				SWIFT_VERSION = 3.0;
				TARGETED_DEVICE_FAMILY = "1,2";
			};
			name = Debug;
		};
		16B1CCD71E5D950900681A4E /* Release */ = {
			isa = XCBuildConfiguration;
			buildSettings = {
				ASSETCATALOG_COMPILER_APPICON_NAME = AppIcon;
				CLANG_ENABLE_MODULES = YES;
				CODE_SIGN_ENTITLEMENTS = CoffeeTastersIOS/CoffeeTastersIOS.entitlements;
				DEVELOPMENT_TEAM = 6J39ANGJ92;
				FRAMEWORK_SEARCH_PATHS = (
					"$(inherited)",
					"$(PROJECT_DIR)",
					"$(PROJECT_DIR)/CoffeeTastersIOS/framework",
				);
				INFOPLIST_FILE = CoffeeTastersIOS/Info.plist;
				LD_RUNPATH_SEARCH_PATHS = "$(inherited) @executable_path/Frameworks";
				PRODUCT_BUNDLE_IDENTIFIER = br.com.luglio.CoffeeTastersIOS;
				PRODUCT_NAME = "$(TARGET_NAME)";
				SWIFT_OBJC_BRIDGING_HEADER = "";
				SWIFT_VERSION = 3.0;
				TARGETED_DEVICE_FAMILY = "1,2";
			};
			name = Release;
		};
/* End XCBuildConfiguration section */

/* Begin XCConfigurationList section */
		16B1CCBB1E5D950900681A4E /* Build configuration list for PBXProject "CoffeeTastersIOS" */ = {
			isa = XCConfigurationList;
			buildConfigurations = (
				16B1CCD31E5D950900681A4E /* Debug */,
				16B1CCD41E5D950900681A4E /* Release */,
			);
			defaultConfigurationIsVisible = 0;
			defaultConfigurationName = Release;
		};
		16B1CCD51E5D950900681A4E /* Build configuration list for PBXNativeTarget "CoffeeTastersIOS" */ = {
			isa = XCConfigurationList;
			buildConfigurations = (
				16B1CCD61E5D950900681A4E /* Debug */,
				16B1CCD71E5D950900681A4E /* Release */,
			);
			defaultConfigurationIsVisible = 0;
			defaultConfigurationName = Release;
		};
/* End XCConfigurationList section */

/* Begin XCVersionGroup section */
		16B1CCCA1E5D950900681A4E /* CoffeeTastersIOS.xcdatamodeld */ = {
			isa = XCVersionGroup;
			children = (
				16B1CCCB1E5D950900681A4E /* CoffeeTastersIOS.xcdatamodel */,
			);
			currentVersion = 16B1CCCB1E5D950900681A4E /* CoffeeTastersIOS.xcdatamodel */;
			path = CoffeeTastersIOS.xcdatamodeld;
			sourceTree = "<group>";
			versionGroupType = wrapper.xcdatamodel;
		};
/* End XCVersionGroup section */
	};
	rootObject = 16B1CCB81E5D950900681A4E /* Project object */;
}
